
Microsoft Visual Studio Solution File, Format Version 12.00
# Visual Studio Version 17
VisualStudioVersion = 17.4.33205.214
MinimumVisualStudioVersion = 10.0.40219.1
Project("{FAE04EC0-301F-11D3-BF4B-00C04F79EFBC}") = "ChineseZodiacLab1", "ChineseZodiacLab1.csproj", "{3D7E0FB9-BB41-4986-AD46-799C6E08CCB6}"
EndProject
Global
	GlobalSection(SolutionConfigurationPlatforms) = preSolution
		Debug|Any CPU = Debug|Any CPU
		Release|Any CPU = Release|Any CPU
	EndGlobalSection
	GlobalSection(ProjectConfigurationPlatforms) = postSolution
		{3D7E0FB9-BB41-4986-AD46-799C6E08CCB6}.Debug|Any CPU.ActiveCfg = Debug|Any CPU
		{3D7E0FB9-BB41-4986-AD46-799C6E08CCB6}.Debug|Any CPU.Build.0 = Debug|Any CPU
		{3D7E0FB9-BB41-4986-AD46-799C6E08CCB6}.Release|Any CPU.ActiveCfg = Release|Any CPU
		{3D7E0FB9-BB41-4986-AD46-799C6E08CCB6}.Release|Any CPU.Build.0 = Release|Any CPU
	EndGlobalSection
	GlobalSection(SolutionProperties) = preSolution
		HideSolutionNode = FALSE
	EndGlobalSection
	GlobalSection(ExtensibilityGlobals) = postSolution
		SolutionGuid = {35D8BDE0-3376-4564-8AC3-37C15F6375F9}
	EndGlobalSection
EndGlobal
